<?xml version="1.0" encoding="utf-8"?>
<Project ToolsVersion="4.0" xmlns="http://schemas.microsoft.com/developer/msbuild/2003">
  <ItemGroup>
    <Filter Include="headers">
      <UniqueIdentifier>{93995380-89BD-4b04-88EB-625FBE52EBFB}</UniqueIdentifier>
      <Extensions>h;hh;hpp;hxx;h++;hm;inl;inc;ipp;xsd</Extensions>
    </Filter>
    <Filter Include="headers\libs">
      <UniqueIdentifier>{449d32fd-5fbf-4296-9a2b-d6c538fe433f}</UniqueIdentifier>
    </Filter>
    <Filter Include="headers\libs\data_structures">
      <UniqueIdentifier>{cc055514-c81f-4ab4-aaef-4a88f9710563}</UniqueIdentifier>
    </Filter>
    <Filter Include="headers\libs\data_structures\vector">
      <UniqueIdentifier>{5697eb0e-713b-46c7-b0cd-a30ebf5a43bd}</UniqueIdentifier>
    </Filter>
    <Filter Include="sources">
      <UniqueIdentifier>{4FC737F1-C7A5-4376-A066-2A32D752A2FF}</UniqueIdentifier>
      <Extensions>cpp;c;cc;cxx;c++;cppm;ixx;def;odl;idl;hpj;bat;asm;asmx</Extensions>
    </Filter>
    <Filter Include="sources\libs">
      <UniqueIdentifier>{f058dc8f-f57b-4b34-b10c-b30a5e25144c}</UniqueIdentifier>
    </Filter>
    <Filter Include="sources\libs\data_structures">
      <UniqueIdentifier>{ce97d765-8990-4cb4-a8f7-3b40c5ce62c1}</UniqueIdentifier>
    </Filter>
    <Filter Include="sources\libs\data_structures\vector">
      <UniqueIdentifier>{161e5641-e82c-4ab5-9c2d-c4388289c847}</UniqueIdentifier>
    </Filter>
    <Filter Include="sources\libs\data_structures\matrix">
      <UniqueIdentifier>{870c0d2d-bca2-45de-9032-758bd87a3905}</UniqueIdentifier>
    </Filter>
    <Filter Include="headers\libs\data_structures\matrix">
      <UniqueIdentifier>{ff22f630-a98b-4088-afd5-0c3d9fae038a}</UniqueIdentifier>
    </Filter>
    <Filter Include="headers\libs\data_structures\string">
      <UniqueIdentifier>{a2866e98-d708-48af-ba99-40a07b264549}</UniqueIdentifier>
    </Filter>
    <Filter Include="sources\libs\data_structures\string">
      <UniqueIdentifier>{51fb9cf8-8bb3-4150-8615-02f8792a4d78}</UniqueIdentifier>
    </Filter>
    <Filter Include="headers\libs\data_structures\string\tasks">
      <UniqueIdentifier>{084ad15a-44ca-40c5-a867-e8fc8426c918}</UniqueIdentifier>
    </Filter>
  </ItemGroup>
  <ItemGroup>
    <ClInclude Include="libs\data_structures\vector\vector.h">
      <Filter>headers\libs\data_structures\vector</Filter>
    </ClInclude>
    <ClInclude Include="libs\data_structures\matrix\matrix.h">
      <Filter>headers\libs\data_structures\matrix</Filter>
    </ClInclude>
    <ClInclude Include="libs\data_structures\matrix\matrixD.h">
      <Filter>headers\libs\data_structures\matrix</Filter>
    </ClInclude>
    <ClInclude Include="libs\data_structures\string\string_.h">
      <Filter>headers\libs\data_structures\string</Filter>
    </ClInclude>
    <ClInclude Include="libs\data_structures\string\tasks\removeNonLetters.h">
      <Filter>headers\libs\data_structures\string\tasks</Filter>
    </ClInclude>
    <ClInclude Include="libs\data_structures\string\tasks\all_tasks.h">
      <Filter>headers\libs\data_structures\string\tasks</Filter>
    </ClInclude>
    <ClInclude Include="libs\data_structures\string\tasks\removeExtraSpaces.h">
      <Filter>headers\libs\data_structures\string\tasks</Filter>
    </ClInclude>
    <ClInclude Include="libs\data_structures\string\tasks\digitToEnd.h">
      <Filter>headers\libs\data_structures\string\tasks</Filter>
    </ClInclude>
    <ClInclude Include="libs\data_structures\string\tasks\replaceDigitsToSpaces.h">
      <Filter>headers\libs\data_structures\string\tasks</Filter>
    </ClInclude>
    <ClInclude Include="libs\data_structures\string\tasks\replace.h">
      <Filter>headers\libs\data_structures\string\tasks</Filter>
    </ClInclude>
  </ItemGroup>
  <ItemGroup>
    <ClCompile Include="libs\data_structures\vector\vector.c">
      <Filter>sources\libs\data_structures\vector</Filter>
    </ClCompile>
    <ClCompile Include="core.c">
      <Filter>sources</Filter>
    </ClCompile>
    <ClCompile Include="libs\data_structures\vector\tests.c">
      <Filter>sources\libs\data_structures\vector</Filter>
    </ClCompile>
    <ClCompile Include="libs\data_structures\matrix\matrix.c">
      <Filter>sources\libs\data_structures\matrix</Filter>
    </ClCompile>
    <ClCompile Include="libs\data_structures\matrix\tests.c">
      <Filter>sources\libs\data_structures\matrix</Filter>
    </ClCompile>
    <ClCompile Include="libs\data_structures\matrix\tasks.c">
      <Filter>sources\libs\data_structures\matrix</Filter>
    </ClCompile>
    <ClCompile Include="libs\data_structures\matrix\matrixD.c">
      <Filter>sources\libs\data_structures\matrix</Filter>
    </ClCompile>
    <ClCompile Include="libs\data_structures\matrix\tasks_tests.c">
      <Filter>sources\libs\data_structures\matrix</Filter>
    </ClCompile>
    <ClCompile Include="libs\data_structures\string\string_.c">
      <Filter>sources\libs\data_structures\string</Filter>
    </ClCompile>
  </ItemGroup>
</Project>